{
  "version": 4,
  "terraform_version": "1.12.2",
  "serial": 9,
  "lineage": "e45d6e38-a8c7-121a-454c-a02021f77524",
  "outputs": {
    "vm_private_ip": {
      "value": "10.0.1.4",
      "type": "string"
    }
  },
  "resources": [
    {
      "mode": "managed",
      "type": "azurerm_network_interface",
      "name": "lab_nic",
      "provider": "provider[\"registry.terraform.io/hashicorp/azurerm\"]",
      "instances": [
        {
          "schema_version": 0,
          "attributes": {
            "accelerated_networking_enabled": false,
            "applied_dns_servers": [],
            "auxiliary_mode": "",
            "auxiliary_sku": "",
            "dns_servers": [],
            "edge_zone": "",
            "id": "/subscriptions/e8645d64-cebf-417b-981c-4b3368e388f2/resourceGroups/lab-rg/providers/Microsoft.Network/networkInterfaces/lab-nic",
            "internal_dns_name_label": "",
            "internal_domain_name_suffix": "1hh3r4leakherllx5lvjbxun3e.zx.internal.cloudapp.net",
            "ip_configuration": [
              {
                "gateway_load_balancer_frontend_ip_configuration_id": "",
                "name": "internal",
                "primary": true,
                "private_ip_address": "10.0.1.4",
                "private_ip_address_allocation": "Dynamic",
                "private_ip_address_version": "IPv4",
                "public_ip_address_id": "",
                "subnet_id": "/subscriptions/e8645d64-cebf-417b-981c-4b3368e388f2/resourceGroups/lab-rg/providers/Microsoft.Network/virtualNetworks/lab-vnet/subnets/lab-subnet"
              }
            ],
            "ip_forwarding_enabled": false,
            "location": "uksouth",
            "mac_address": "00-0D-3A-D5-00-58",
            "name": "lab-nic",
            "private_ip_address": "10.0.1.4",
            "private_ip_addresses": [
              "10.0.1.4"
            ],
            "resource_group_name": "lab-rg",
            "tags": {},
            "timeouts": null,
            "virtual_machine_id": "/subscriptions/e8645d64-cebf-417b-981c-4b3368e388f2/resourceGroups/lab-rg/providers/Microsoft.Compute/virtualMachines/lab-vm"
          },
          "sensitive_attributes": [],
          "identity_schema_version": 0,
          "identity": {
            "name": "lab-nic",
            "resource_group_name": "lab-rg",
            "subscription_id": "e8645d64-cebf-417b-981c-4b3368e388f2"
          },
          "private": "eyJlMmJmYjczMC1lY2FhLTExZTYtOGY4OC0zNDM2M2JjN2M0YzAiOnsiY3JlYXRlIjoxODAwMDAwMDAwMDAwLCJkZWxldGUiOjE4MDAwMDAwMDAwMDAsInJlYWQiOjMwMDAwMDAwMDAwMCwidXBkYXRlIjoxODAwMDAwMDAwMDAwfX0=",
          "dependencies": [
            "azurerm_resource_group.lab",
            "azurerm_subnet.lab_subnet",
            "azurerm_virtual_network.lab_vnet"
          ]
        }
      ]
    },
    {
      "mode": "managed",
      "type": "azurerm_resource_group",
      "name": "lab",
      "provider": "provider[\"registry.terraform.io/hashicorp/azurerm\"]",
      "instances": [
        {
          "schema_version": 0,
          "attributes": {
            "id": "/subscriptions/e8645d64-cebf-417b-981c-4b3368e388f2/resourceGroups/lab-rg",
            "location": "uksouth",
            "managed_by": "",
            "name": "lab-rg",
            "tags": {},
            "timeouts": null
          },
          "sensitive_attributes": [],
          "identity_schema_version": 0,
          "private": "eyJlMmJmYjczMC1lY2FhLTExZTYtOGY4OC0zNDM2M2JjN2M0YzAiOnsiY3JlYXRlIjo1NDAwMDAwMDAwMDAwLCJkZWxldGUiOjU0MDAwMDAwMDAwMDAsInJlYWQiOjMwMDAwMDAwMDAwMCwidXBkYXRlIjo1NDAwMDAwMDAwMDAwfX0="
        }
      ]
    },
    {
      "mode": "managed",
      "type": "azurerm_subnet",
      "name": "lab_subnet",
      "provider": "provider[\"registry.terraform.io/hashicorp/azurerm\"]",
      "instances": [
        {
          "schema_version": 0,
          "attributes": {
            "address_prefixes": [
              "10.0.1.0/24"
            ],
            "default_outbound_access_enabled": true,
            "delegation": [],
            "id": "/subscriptions/e8645d64-cebf-417b-981c-4b3368e388f2/resourceGroups/lab-rg/providers/Microsoft.Network/virtualNetworks/lab-vnet/subnets/lab-subnet",
            "ip_address_pool": [],
            "name": "lab-subnet",
            "private_endpoint_network_policies": "Disabled",
            "private_link_service_network_policies_enabled": true,
            "resource_group_name": "lab-rg",
            "service_endpoint_policy_ids": [],
            "service_endpoints": [],
            "timeouts": null,
            "virtual_network_name": "lab-vnet"
          },
          "sensitive_attributes": [],
          "identity_schema_version": 0,
          "identity": {
            "name": "lab-subnet",
            "resource_group_name": "lab-rg",
            "subscription_id": "e8645d64-cebf-417b-981c-4b3368e388f2",
            "virtual_network_name": "lab-vnet"
          },
          "private": "eyJlMmJmYjczMC1lY2FhLTExZTYtOGY4OC0zNDM2M2JjN2M0YzAiOnsiY3JlYXRlIjoxODAwMDAwMDAwMDAwLCJkZWxldGUiOjE4MDAwMDAwMDAwMDAsInJlYWQiOjMwMDAwMDAwMDAwMCwidXBkYXRlIjoxODAwMDAwMDAwMDAwfX0=",
          "dependencies": [
            "azurerm_resource_group.lab",
            "azurerm_virtual_network.lab_vnet"
          ]
        }
      ]
    },
    {
      "mode": "managed",
      "type": "azurerm_virtual_network",
      "name": "lab_vnet",
      "provider": "provider[\"registry.terraform.io/hashicorp/azurerm\"]",
      "instances": [
        {
          "schema_version": 0,
          "attributes": {
            "address_space": [
              "10.0.0.0/16"
            ],
            "bgp_community": "",
            "ddos_protection_plan": [],
            "dns_servers": [],
            "edge_zone": "",
            "encryption": [],
            "flow_timeout_in_minutes": 0,
            "guid": "f9d8cfd9-0264-488e-ad77-faea90de8dec",
            "id": "/subscriptions/e8645d64-cebf-417b-981c-4b3368e388f2/resourceGroups/lab-rg/providers/Microsoft.Network/virtualNetworks/lab-vnet",
            "ip_address_pool": [],
            "location": "uksouth",
            "name": "lab-vnet",
            "private_endpoint_vnet_policies": "Disabled",
            "resource_group_name": "lab-rg",
            "subnet": [
              {
                "address_prefixes": [
                  "10.0.1.0/24"
                ],
                "default_outbound_access_enabled": true,
                "delegation": [],
                "id": "/subscriptions/e8645d64-cebf-417b-981c-4b3368e388f2/resourceGroups/lab-rg/providers/Microsoft.Network/virtualNetworks/lab-vnet/subnets/lab-subnet",
                "name": "lab-subnet",
                "private_endpoint_network_policies": "Disabled",
                "private_link_service_network_policies_enabled": true,
                "route_table_id": "",
                "security_group": "",
                "service_endpoint_policy_ids": [],
                "service_endpoints": []
              }
            ],
            "tags": {},
            "timeouts": null
          },
          "sensitive_attributes": [],
          "identity_schema_version": 0,
          "identity": {
            "name": "lab-vnet",
            "resource_group_name": "lab-rg",
            "subscription_id": "e8645d64-cebf-417b-981c-4b3368e388f2"
          },
          "private": "eyJlMmJmYjczMC1lY2FhLTExZTYtOGY4OC0zNDM2M2JjN2M0YzAiOnsiY3JlYXRlIjoxODAwMDAwMDAwMDAwLCJkZWxldGUiOjE4MDAwMDAwMDAwMDAsInJlYWQiOjMwMDAwMDAwMDAwMCwidXBkYXRlIjoxODAwMDAwMDAwMDAwfX0=",
          "dependencies": [
            "azurerm_resource_group.lab"
          ]
        }
      ]
    },
    {
      "mode": "managed",
      "type": "azurerm_windows_virtual_machine",
      "name": "lab_vm",
      "provider": "provider[\"registry.terraform.io/hashicorp/azurerm\"]",
      "instances": [
        {
          "schema_version": 0,
          "attributes": {
            "additional_capabilities": [],
            "additional_unattend_content": [],
            "admin_password": "YourSecurePassword123!",
            "admin_username": "martynadmin",
            "allow_extension_operations": true,
            "automatic_updates_enabled": true,
            "availability_set_id": "",
            "boot_diagnostics": [],
            "bypass_platform_safety_checks_on_user_schedule_enabled": false,
            "capacity_reservation_group_id": "",
            "computer_name": "lab-vm01",
            "custom_data": null,
            "dedicated_host_group_id": "",
            "dedicated_host_id": "",
            "disk_controller_type": "",
            "edge_zone": "",
            "enable_automatic_updates": true,
            "encryption_at_host_enabled": false,
            "eviction_policy": "",
            "extensions_time_budget": "PT1H30M",
            "gallery_application": [],
            "hotpatching_enabled": false,
            "id": "/subscriptions/e8645d64-cebf-417b-981c-4b3368e388f2/resourceGroups/lab-rg/providers/Microsoft.Compute/virtualMachines/lab-vm01",
            "identity": [],
            "license_type": "",
            "location": "uksouth",
            "max_bid_price": -1,
            "name": "lab-vm01",
            "network_interface_ids": [
              "/subscriptions/e8645d64-cebf-417b-981c-4b3368e388f2/resourceGroups/lab-rg/providers/Microsoft.Network/networkInterfaces/lab-nic"
            ],
            "os_disk": [
              {
                "caching": "ReadWrite",
                "diff_disk_settings": [],
                "disk_encryption_set_id": "",
                "disk_size_gb": 127,
                "id": "/subscriptions/e8645d64-cebf-417b-981c-4b3368e388f2/resourceGroups/lab-rg/providers/Microsoft.Compute/disks/lab-vm01_OsDisk_1_6065625a6d1340a8b9ecce5fb31c0ad3",
                "name": "lab-vm01_OsDisk_1_6065625a6d1340a8b9ecce5fb31c0ad3",
                "secure_vm_disk_encryption_set_id": "",
                "security_encryption_type": "",
                "storage_account_type": "Standard_LRS",
                "write_accelerator_enabled": false
              }
            ],
            "os_image_notification": [],
            "os_managed_disk_id": "/subscriptions/e8645d64-cebf-417b-981c-4b3368e388f2/resourceGroups/lab-rg/providers/Microsoft.Compute/disks/lab-vm01_OsDisk_1_6065625a6d1340a8b9ecce5fb31c0ad3",
            "patch_assessment_mode": "ImageDefault",
            "patch_mode": "AutomaticByOS",
            "plan": [],
            "platform_fault_domain": -1,
            "priority": "Regular",
            "private_ip_address": "10.0.1.4",
            "private_ip_addresses": [
              "10.0.1.4"
            ],
            "provision_vm_agent": true,
            "proximity_placement_group_id": "",
            "public_ip_address": "",
            "public_ip_addresses": [],
            "reboot_setting": "",
            "resource_group_name": "lab-rg",
            "secret": [],
            "secure_boot_enabled": false,
            "size": "Standard_B1s",
            "source_image_id": "",
            "source_image_reference": [
              {
                "offer": "WindowsServer",
                "publisher": "MicrosoftWindowsServer",
                "sku": "2022-datacenter",
                "version": "latest"
              }
            ],
            "tags": null,
            "termination_notification": null,
            "timeouts": null,
            "timezone": "",
            "user_data": "",
            "virtual_machine_id": "2cd01b70-c549-4081-9cb5-a5712f32f817",
            "virtual_machine_scale_set_id": "",
            "vm_agent_platform_updates_enabled": true,
            "vtpm_enabled": false,
            "winrm_listener": [],
            "zone": ""
          },
          "sensitive_attributes": [
            [
              {
                "type": "get_attr",
                "value": "admin_password"
              }
            ],
            [
              {
                "type": "get_attr",
                "value": "custom_data"
              }
            ]
          ],
          "identity_schema_version": 0,
          "private": "eyJlMmJmYjczMC1lY2FhLTExZTYtOGY4OC0zNDM2M2JjN2M0YzAiOnsiY3JlYXRlIjoyNzAwMDAwMDAwMDAwLCJkZWxldGUiOjI3MDAwMDAwMDAwMDAsInJlYWQiOjMwMDAwMDAwMDAwMCwidXBkYXRlIjoyNzAwMDAwMDAwMDAwfX0=",
          "dependencies": [
            "azurerm_network_interface.lab_nic",
            "azurerm_resource_group.lab",
            "azurerm_subnet.lab_subnet",
            "azurerm_virtual_network.lab_vnet"
          ]
        }
      ]
    }
  ],
  "check_results": null
}
